{
  "nodes": {
    "nixpkgs": {
      "locked": {
        "lastModified": 1737401148,
        "narHash": "sha256-8YfoGyE89rWpG6NjCmYrJeV8EPAKvnZf2lN402WbC/A=",
        "owner": "NixOS",
        "repo": "nixpkgs",
        "rev": "7ceed4f800bec4c12c9b21c54bb76cb28a80e259",
        "type": "github"
      },
      "original": {
        "owner": "NixOS",
        "ref": "nixos-unstable-small",
        "repo": "nixpkgs",
        "type": "github"
      }
    },
    "root": {
      "inputs": {
        "nixpkgs": "nixpkgs"
      }
    }
  },
  "root": "root",
  "version": 7
}
